
Microsoft Visual Studio Solution File, Format Version 12.00
Project("{FAE04EC0-301F-11D3-BF4B-00C04F79EFBC}") = "BusinessLogic", "BusinessLogic\BusinessLogic.csproj", "{BB5AD773-0DF8-417A-832E-FE90D69D3D53}"
EndProject
Project("{FAE04EC0-301F-11D3-BF4B-00C04F79EFBC}") = "BusinessLogic_Tests", "BusinessLogic_Tests\BusinessLogic_Tests.csproj", "{5EF18700-F1DA-4E1A-B1D9-FFE915036ECD}"
EndProject
Project("{FAE04EC0-301F-11D3-BF4B-00C04F79EFBC}") = "Presentacion", "Presentacion\Presentacion.csproj", "{C7B0D4F1-EBCF-453B-B11F-7C41D4D6E3ED}"
EndProject
Global
	GlobalSection(SolutionConfigurationPlatforms) = preSolution
		Debug|Any CPU = Debug|Any CPU
		Release|Any CPU = Release|Any CPU
	EndGlobalSection
	GlobalSection(ProjectConfigurationPlatforms) = postSolution
		{BB5AD773-0DF8-417A-832E-FE90D69D3D53}.Debug|Any CPU.ActiveCfg = Debug|Any CPU
		{BB5AD773-0DF8-417A-832E-FE90D69D3D53}.Debug|Any CPU.Build.0 = Debug|Any CPU
		{BB5AD773-0DF8-417A-832E-FE90D69D3D53}.Release|Any CPU.ActiveCfg = Release|Any CPU
		{BB5AD773-0DF8-417A-832E-FE90D69D3D53}.Release|Any CPU.Build.0 = Release|Any CPU
		{5EF18700-F1DA-4E1A-B1D9-FFE915036ECD}.Debug|Any CPU.ActiveCfg = Debug|Any CPU
		{5EF18700-F1DA-4E1A-B1D9-FFE915036ECD}.Debug|Any CPU.Build.0 = Debug|Any CPU
		{5EF18700-F1DA-4E1A-B1D9-FFE915036ECD}.Release|Any CPU.ActiveCfg = Release|Any CPU
		{5EF18700-F1DA-4E1A-B1D9-FFE915036ECD}.Release|Any CPU.Build.0 = Release|Any CPU
		{C7B0D4F1-EBCF-453B-B11F-7C41D4D6E3ED}.Debug|Any CPU.ActiveCfg = Debug|Any CPU
		{C7B0D4F1-EBCF-453B-B11F-7C41D4D6E3ED}.Debug|Any CPU.Build.0 = Debug|Any CPU
		{C7B0D4F1-EBCF-453B-B11F-7C41D4D6E3ED}.Release|Any CPU.ActiveCfg = Release|Any CPU
		{C7B0D4F1-EBCF-453B-B11F-7C41D4D6E3ED}.Release|Any CPU.Build.0 = Release|Any CPU
	EndGlobalSection
EndGlobal
